// !$*UTF8*$!
{
	archiveVersion = 1;
	classes = {
	};
	objectVersion = 56;
	objects = {

/* Begin PBXBuildFile section */
		'001' = {isa = PBXBuildFile; fileRef = 101; };
		'002' = {isa = PBXBuildFile; fileRef = 102; };
		'003' = {isa = PBXBuildFile; fileRef = 103; };
		'004' = {isa = PBXBuildFile; fileRef = 104; };
		'005' = {isa = PBXBuildFile; fileRef = 105; };
		'006' = {isa = PBXBuildFile; fileRef = 106; };
		'007' = {isa = PBXBuildFile; fileRef = 107; };
		'008' = {isa = PBXBuildFile; fileRef = 108; };
		'009' = {isa = PBXBuildFile; fileRef = 109; };
		'010' = {isa = PBXBuildFile; fileRef = 110; };
		'011' = {isa = PBXBuildFile; fileRef = 111; };
		'012' = {isa = PBXBuildFile; fileRef = 112; };
		'013' = {isa = PBXBuildFile; fileRef = 113; };
		'014' = {isa = PBXBuildFile; fileRef = 114; };
		'015' = {isa = PBXBuildFile; fileRef = 115; };
		1E9F4509AFA1007DEA3C41CF /* TTSEngine.swift in Sources */ = {isa = PBXBuildFile; fileRef = D74F43008B5424B71F636657 /* TTSEngine.swift */; };
		3A004CACA3432E056EFC37F0 /* NativeTTSService.swift in Sources */ = {isa = PBXBuildFile; fileRef = 92D14BB5B9CC75EFAA2DD74D /* NativeTTSService.swift */; };
		971B4A24B18D907AF215F3A2 /* ModelDownloadManager.swift in Sources */ = {isa = PBXBuildFile; fileRef = A80446F88FCC2BE9E6645FE4 /* ModelDownloadManager.swift */; };
		F8DC439F997A710446E10AFC /* TTSPreferencesView.swift in Sources */ = {isa = PBXBuildFile; fileRef = 0EE0496BB929EAA145A6535A /* TTSPreferencesView.swift */; };
		FEC241339DCEF75791F86047 /* TTSManager.swift in Sources */ = {isa = PBXBuildFile; fileRef = F3C54D0097EC75A00060E022 /* TTSManager.swift */; };
/* End PBXBuildFile section */

/* Begin PBXFileReference section */
		0EE0496BB929EAA145A6535A /* TTSPreferencesView.swift */ = {isa = PBXFileReference; lastKnownFileType = sourcecode.swift; name = TTSPreferencesView.swift; path = FlowRead/Views/TTSPreferencesView.swift; sourceTree = SOURCE_ROOT; };
		'100' = {isa = PBXFileReference; explicitFileType = wrapper.application; includeInIndex = 0; path = FlowRead.app; sourceTree = BUILT_PRODUCTS_DIR; };
		'101' = {isa = PBXFileReference; lastKnownFileType = sourcecode.swift; path = FlowReadApp.swift; sourceTree = "<group>"; };
		'102' = {isa = PBXFileReference; lastKnownFileType = sourcecode.swift; path = AppState.swift; sourceTree = "<group>"; };
		'103' = {isa = PBXFileReference; lastKnownFileType = sourcecode.swift; path = TextChunk.swift; sourceTree = "<group>"; };
		'104' = {isa = PBXFileReference; lastKnownFileType = sourcecode.swift; path = PersistedState.swift; sourceTree = "<group>"; };
		'105' = {isa = PBXFileReference; lastKnownFileType = sourcecode.swift; path = GroqTTSService.swift; sourceTree = "<group>"; };
		'106' = {isa = PBXFileReference; lastKnownFileType = sourcecode.swift; path = AudioPlaybackManager.swift; sourceTree = "<group>"; };
		'107' = {isa = PBXFileReference; lastKnownFileType = sourcecode.swift; path = PDFTextProcessor.swift; sourceTree = "<group>"; };
		'108' = {isa = PBXFileReference; lastKnownFileType = sourcecode.swift; path = PersistenceManager.swift; sourceTree = "<group>"; };
		'109' = {isa = PBXFileReference; lastKnownFileType = sourcecode.swift; path = ContentView.swift; sourceTree = "<group>"; };
		'110' = {isa = PBXFileReference; lastKnownFileType = sourcecode.swift; path = MainReadingView.swift; sourceTree = "<group>"; };
		'111' = {isa = PBXFileReference; lastKnownFileType = sourcecode.swift; path = ReadingPane.swift; sourceTree = "<group>"; };
		'112' = {isa = PBXFileReference; lastKnownFileType = sourcecode.swift; path = PlaybackControlBar.swift; sourceTree = "<group>"; };
		'113' = {isa = PBXFileReference; lastKnownFileType = sourcecode.swift; path = PreferencesView.swift; sourceTree = "<group>"; };
		'114' = {isa = PBXFileReference; lastKnownFileType = sourcecode.swift; path = Theme.swift; sourceTree = "<group>"; };
		'115' = {isa = PBXFileReference; lastKnownFileType = folder.assetcatalog; path = Assets.xcassets; sourceTree = "<group>"; };
		'116' = {isa = PBXFileReference; lastKnownFileType = text.plist.xml; path = Info.plist; sourceTree = "<group>"; };
		'117' = {isa = PBXFileReference; lastKnownFileType = text.plist.entitlements; path = FlowRead.entitlements; sourceTree = "<group>"; };
		92D14BB5B9CC75EFAA2DD74D /* NativeTTSService.swift */ = {isa = PBXFileReference; lastKnownFileType = sourcecode.swift; name = NativeTTSService.swift; path = FlowRead/Services/NativeTTSService.swift; sourceTree = SOURCE_ROOT; };
		A80446F88FCC2BE9E6645FE4 /* ModelDownloadManager.swift */ = {isa = PBXFileReference; lastKnownFileType = sourcecode.swift; name = ModelDownloadManager.swift; path = FlowRead/Services/ModelDownloadManager.swift; sourceTree = SOURCE_ROOT; };
		D74F43008B5424B71F636657 /* TTSEngine.swift */ = {isa = PBXFileReference; lastKnownFileType = sourcecode.swift; name = TTSEngine.swift; path = FlowRead/Models/TTSEngine.swift; sourceTree = SOURCE_ROOT; };
		F3C54D0097EC75A00060E022 /* TTSManager.swift */ = {isa = PBXFileReference; lastKnownFileType = sourcecode.swift; name = TTSManager.swift; path = FlowRead/Services/TTSManager.swift; sourceTree = SOURCE_ROOT; };
/* End PBXFileReference section */

/* Begin PBXFrameworksBuildPhase section */
		'200' = {
			isa = PBXFrameworksBuildPhase;
			buildActionMask = 2147483647;
			files = (
			);
			runOnlyForDeploymentPostprocessing = 0;
		};
/* End PBXFrameworksBuildPhase section */

/* Begin PBXGroup section */
		'300' = {
			isa = PBXGroup;
			children = (
				301,
				302,
			);
			sourceTree = "<group>";
		};
		'301' = {
			isa = PBXGroup;
			children = (
				101,
				303,
				304,
				305,
				306,
				115,
				116,
				117,
			);
			path = FlowRead;
			sourceTree = "<group>";
		};
		'302' = {
			isa = PBXGroup;
			children = (
				100,
			);
			name = Products;
			sourceTree = "<group>";
		};
		'303' = {
			isa = PBXGroup;
			children = (
				102,
				103,
				104,
				D74F43008B5424B71F636657 /* TTSEngine.swift */,
			);
			path = Models;
			sourceTree = "<group>";
		};
		'304' = {
			isa = PBXGroup;
			children = (
				105,
				106,
				107,
				108,
				A80446F88FCC2BE9E6645FE4 /* ModelDownloadManager.swift */,
				92D14BB5B9CC75EFAA2DD74D /* NativeTTSService.swift */,
				F3C54D0097EC75A00060E022 /* TTSManager.swift */,
			);
			path = Services;
			sourceTree = "<group>";
		};
		'305' = {
			isa = PBXGroup;
			children = (
				109,
				110,
				111,
				112,
				113,
				0EE0496BB929EAA145A6535A /* TTSPreferencesView.swift */,
			);
			path = Views;
			sourceTree = "<group>";
		};
		'306' = {
			isa = PBXGroup;
			children = (
				114,
			);
			path = Theme;
			sourceTree = "<group>";
		};
/* End PBXGroup section */

/* Begin PBXNativeTarget section */
		'400' = {
			isa = PBXNativeTarget;
			buildConfigurationList = 500;
			buildPhases = (
				401,
				200,
				402,
			);
			buildRules = (
			);
			dependencies = (
			);
			name = FlowRead;
			productName = FlowRead;
			productReference = 100;
			productType = "com.apple.product-type.application";
		};
/* End PBXNativeTarget section */

/* Begin PBXProject section */
		'600' = {
			isa = PBXProject;
			attributes = {
				BuildIndependentTargetsInParallel = 1;
				LastSwiftUpdateCheck = 1500;
				LastUpgradeCheck = 1500;
				TargetAttributes = {
					400 = {
						CreatedOnToolsVersion = 15.0;
					};
				};
			};
			buildConfigurationList = 601;
			compatibilityVersion = "Xcode 14.0";
			developmentRegion = en;
			hasScannedForEncodings = 0;
			knownRegions = (
				en,
				Base,
			);
			mainGroup = 300;
			productRefGroup = 302;
			projectDirPath = "";
			projectRoot = "";
			targets = (
				400,
			);
		};
/* End PBXProject section */

/* Begin PBXResourcesBuildPhase section */
		'402' = {
			isa = PBXResourcesBuildPhase;
			buildActionMask = 2147483647;
			files = (
				015,
			);
			runOnlyForDeploymentPostprocessing = 0;
		};
/* End PBXResourcesBuildPhase section */

/* Begin PBXSourcesBuildPhase section */
		'401' = {
			isa = PBXSourcesBuildPhase;
			buildActionMask = 2147483647;
			files = (
				001,
				002,
				003,
				004,
				005,
				006,
				007,
				008,
				009,
				010,
				011,
				012,
				013,
				014,
				1E9F4509AFA1007DEA3C41CF /* TTSEngine.swift in Sources */,
				971B4A24B18D907AF215F3A2 /* ModelDownloadManager.swift in Sources */,
				3A004CACA3432E056EFC37F0 /* NativeTTSService.swift in Sources */,
				FEC241339DCEF75791F86047 /* TTSManager.swift in Sources */,
				F8DC439F997A710446E10AFC /* TTSPreferencesView.swift in Sources */,
			);
			runOnlyForDeploymentPostprocessing = 0;
		};
/* End PBXSourcesBuildPhase section */

/* Begin XCBuildConfiguration section */
		'700' = {
			isa = XCBuildConfiguration;
			buildSettings = {
				ALWAYS_SEARCH_USER_PATHS = NO;
				ASSETCATALOG_COMPILER_GENERATE_SWIFT_ASSET_SYMBOL_EXTENSIONS = YES;
				CLANG_ANALYZER_NONNULL = YES;
				CLANG_ANALYZER_NUMBER_OBJECT_CONVERSION = YES_AGGRESSIVE;
				CLANG_CXX_LANGUAGE_STANDARD = "gnu++20";
				CLANG_ENABLE_MODULES = YES;
				CLANG_ENABLE_OBJC_ARC = YES;
				CLANG_ENABLE_OBJC_WEAK = YES;
				CLANG_WARN_BLOCK_CAPTURE_AUTORELEASING = YES;
				CLANG_WARN_BOOL_CONVERSION = YES;
				CLANG_WARN_COMMA = YES;
				CLANG_WARN_CONSTANT_CONVERSION = YES;
				CLANG_WARN_DEPRECATED_OBJC_IMPLEMENTATIONS = YES;
				CLANG_WARN_DIRECT_OBJC_ISA_USAGE = YES_ERROR;
				CLANG_WARN_DOCUMENTATION_COMMENTS = YES;
				CLANG_WARN_EMPTY_BODY = YES;
				CLANG_WARN_ENUM_CONVERSION = YES;
				CLANG_WARN_INFINITE_RECURSION = YES;
				CLANG_WARN_INT_CONVERSION = YES;
				CLANG_WARN_NON_LITERAL_NULL_CONVERSION = YES;
				CLANG_WARN_OBJC_IMPLICIT_RETAIN_SELF = YES;
				CLANG_WARN_OBJC_LITERAL_CONVERSION = YES;
				CLANG_WARN_OBJC_ROOT_CLASS = YES_ERROR;
				CLANG_WARN_QUOTED_INCLUDE_IN_FRAMEWORK_HEADER = YES;
				CLANG_WARN_RANGE_LOOP_ANALYSIS = YES;
				CLANG_WARN_STRICT_PROTOTYPES = YES;
				CLANG_WARN_SUSPICIOUS_MOVE = YES;
				CLANG_WARN_UNGUARDED_AVAILABILITY = YES_AGGRESSIVE;
				CLANG_WARN_UNREACHABLE_CODE = YES;
				CLANG_WARN__DUPLICATE_METHOD_MATCH = YES;
				COPY_PHASE_STRIP = NO;
				DEBUG_INFORMATION_FORMAT = dwarf;
				ENABLE_STRICT_OBJC_MSGSEND = YES;
				ENABLE_TESTABILITY = YES;
				ENABLE_USER_SCRIPT_SANDBOXING = YES;
				GCC_C_LANGUAGE_STANDARD = gnu17;
				GCC_DYNAMIC_NO_PIC = NO;
				GCC_NO_COMMON_BLOCKS = YES;
				GCC_OPTIMIZATION_LEVEL = 0;
				GCC_PREPROCESSOR_DEFINITIONS = (
					"DEBUG=1",
					"$(inherited)",
				);
				GCC_WARN_64_TO_32_BIT_CONVERSION = YES;
				GCC_WARN_ABOUT_RETURN_TYPE = YES_ERROR;
				GCC_WARN_UNDECLARED_SELECTOR = YES;
				GCC_WARN_UNINITIALIZED_AUTOS = YES_AGGRESSIVE;
				GCC_WARN_UNUSED_FUNCTION = YES;
				GCC_WARN_UNUSED_VARIABLE = YES;
				MACOSX_DEPLOYMENT_TARGET = 13.0;
				MTL_ENABLE_DEBUG_INFO = INCLUDE_SOURCE;
				MTL_FAST_MATH = YES;
				ONLY_ACTIVE_ARCH = YES;
				SDKROOT = macosx;
				SWIFT_ACTIVE_COMPILATION_CONDITIONS = "DEBUG $(inherited)";
				SWIFT_OPTIMIZATION_LEVEL = "-Onone";
			};
			name = Debug;
		};
		'701' = {
			isa = XCBuildConfiguration;
			buildSettings = {
				ALWAYS_SEARCH_USER_PATHS = NO;
				ASSETCATALOG_COMPILER_GENERATE_SWIFT_ASSET_SYMBOL_EXTENSIONS = YES;
				CLANG_ANALYZER_NONNULL = YES;
				CLANG_ANALYZER_NUMBER_OBJECT_CONVERSION = YES_AGGRESSIVE;
				CLANG_CXX_LANGUAGE_STANDARD = "gnu++20";
				CLANG_ENABLE_MODULES = YES;
				CLANG_ENABLE_OBJC_ARC = YES;
				CLANG_ENABLE_OBJC_WEAK = YES;
				CLANG_WARN_BLOCK_CAPTURE_AUTORELEASING = YES;
				CLANG_WARN_BOOL_CONVERSION = YES;
				CLANG_WARN_COMMA = YES;
				CLANG_WARN_CONSTANT_CONVERSION = YES;
				CLANG_WARN_DEPRECATED_OBJC_IMPLEMENTATIONS = YES;
				CLANG_WARN_DIRECT_OBJC_ISA_USAGE = YES_ERROR;
				CLANG_WARN_DOCUMENTATION_COMMENTS = YES;
				CLANG_WARN_EMPTY_BODY = YES;
				CLANG_WARN_ENUM_CONVERSION = YES;
				CLANG_WARN_INFINITE_RECURSION = YES;
				CLANG_WARN_INT_CONVERSION = YES;
				CLANG_WARN_NON_LITERAL_NULL_CONVERSION = YES;
				CLANG_WARN_OBJC_IMPLICIT_RETAIN_SELF = YES;
				CLANG_WARN_OBJC_LITERAL_CONVERSION = YES;
				CLANG_WARN_OBJC_ROOT_CLASS = YES_ERROR;
				CLANG_WARN_QUOTED_INCLUDE_IN_FRAMEWORK_HEADER = YES;
				CLANG_WARN_RANGE_LOOP_ANALYSIS = YES;
				CLANG_WARN_STRICT_PROTOTYPES = YES;
				CLANG_WARN_SUSPICIOUS_MOVE = YES;
				CLANG_WARN_UNGUARDED_AVAILABILITY = YES_AGGRESSIVE;
				CLANG_WARN_UNREACHABLE_CODE = YES;
				CLANG_WARN__DUPLICATE_METHOD_MATCH = YES;
				COPY_PHASE_STRIP = NO;
				DEBUG_INFORMATION_FORMAT = "dwarf-with-dsym";
				ENABLE_NS_ASSERTIONS = NO;
				ENABLE_STRICT_OBJC_MSGSEND = YES;
				ENABLE_USER_SCRIPT_SANDBOXING = YES;
				GCC_C_LANGUAGE_STANDARD = gnu17;
				GCC_NO_COMMON_BLOCKS = YES;
				GCC_WARN_64_TO_32_BIT_CONVERSION = YES;
				GCC_WARN_ABOUT_RETURN_TYPE = YES_ERROR;
				GCC_WARN_UNDECLARED_SELECTOR = YES;
				GCC_WARN_UNINITIALIZED_AUTOS = YES_AGGRESSIVE;
				GCC_WARN_UNUSED_FUNCTION = YES;
				GCC_WARN_UNUSED_VARIABLE = YES;
				MACOSX_DEPLOYMENT_TARGET = 13.0;
				MTL_ENABLE_DEBUG_INFO = NO;
				MTL_FAST_MATH = YES;
				SDKROOT = macosx;
				SWIFT_COMPILATION_MODE = wholemodule;
			};
			name = Release;
		};
		'702' = {
			isa = XCBuildConfiguration;
			buildSettings = {
				ASSETCATALOG_COMPILER_APPICON_NAME = AppIcon;
				ASSETCATALOG_COMPILER_GLOBAL_ACCENT_COLOR_NAME = AccentBlue;
				CODE_SIGN_ENTITLEMENTS = FlowRead/FlowRead.entitlements;
				CODE_SIGN_STYLE = Automatic;
				COMBINE_HIDPI_IMAGES = YES;
				CURRENT_PROJECT_VERSION = 1;
				DEVELOPMENT_ASSET_PATHS = "";
				ENABLE_HARDENED_RUNTIME = YES;
				ENABLE_PREVIEWS = YES;
				GENERATE_INFOPLIST_FILE = NO;
				INFOPLIST_FILE = FlowRead/Info.plist;
				INFOPLIST_KEY_CFBundleDisplayName = FlowRead;
				INFOPLIST_KEY_LSApplicationCategoryType = "public.app-category.productivity";
				INFOPLIST_KEY_NSHumanReadableCopyright = "Copyright © 2024 FlowRead. All rights reserved.";
				LD_RUNPATH_SEARCH_PATHS = (
					"$(inherited)",
					"@executable_path/../Frameworks",
				);
				MARKETING_VERSION = 1.0.0;
				PRODUCT_BUNDLE_IDENTIFIER = com.flowread.app;
				PRODUCT_NAME = "$(TARGET_NAME)";
				SWIFT_EMIT_LOC_STRINGS = YES;
				SWIFT_VERSION = 5.0;
			};
			name = Debug;
		};
		'703' = {
			isa = XCBuildConfiguration;
			buildSettings = {
				ASSETCATALOG_COMPILER_APPICON_NAME = AppIcon;
				ASSETCATALOG_COMPILER_GLOBAL_ACCENT_COLOR_NAME = AccentBlue;
				CODE_SIGN_ENTITLEMENTS = FlowRead/FlowRead.entitlements;
				CODE_SIGN_STYLE = Automatic;
				COMBINE_HIDPI_IMAGES = YES;
				CURRENT_PROJECT_VERSION = 1;
				DEVELOPMENT_ASSET_PATHS = "";
				ENABLE_HARDENED_RUNTIME = YES;
				ENABLE_PREVIEWS = YES;
				GENERATE_INFOPLIST_FILE = NO;
				INFOPLIST_FILE = FlowRead/Info.plist;
				INFOPLIST_KEY_CFBundleDisplayName = FlowRead;
				INFOPLIST_KEY_LSApplicationCategoryType = "public.app-category.productivity";
				INFOPLIST_KEY_NSHumanReadableCopyright = "Copyright © 2024 FlowRead. All rights reserved.";
				LD_RUNPATH_SEARCH_PATHS = (
					"$(inherited)",
					"@executable_path/../Frameworks",
				);
				MARKETING_VERSION = 1.0.0;
				PRODUCT_BUNDLE_IDENTIFIER = com.flowread.app;
				PRODUCT_NAME = "$(TARGET_NAME)";
				SWIFT_EMIT_LOC_STRINGS = YES;
				SWIFT_VERSION = 5.0;
			};
			name = Release;
		};
/* End XCBuildConfiguration section */

/* Begin XCConfigurationList section */
		'500' = {
			isa = XCConfigurationList;
			buildConfigurations = (
				702,
				703,
			);
			defaultConfigurationIsVisible = 0;
			defaultConfigurationName = Release;
		};
		'601' = {
			isa = XCConfigurationList;
			buildConfigurations = (
				700,
				701,
			);
			defaultConfigurationIsVisible = 0;
			defaultConfigurationName = Release;
		};
/* End XCConfigurationList section */
	};
	rootObject = 600;
}
